PODS:
  - NBNRequestKit (2.0.0)
  - OctoKit.swift (0.7.0):
    - NBNRequestKit (~> 2.0)
  - PureLayout (3.0.2)
  - RxCocoa (3.0.1):
    - RxSwift (~> 3.0)
  - RxDataSources (1.0.0):
    - RxCocoa (~> 3.0)
    - RxSwift (~> 3.0)
  - RxRedux (0.1.0):
    - RxCocoa (~> 3.0)
    - RxSwift (~> 3.0)
  - RxReduxRouter (0.1.0):
    - RxRedux (~> 0.1.0)
  - RxSwift (3.0.1)
  - SAMKeychain (1.5.2)

DEPENDENCIES:
  - OctoKit.swift
  - PureLayout
  - RxCocoa (~> 3.0)
  - RxDataSources
  - RxRedux (from `https://github.com/hungdv136/rx.redux.git`)
  - RxReduxRouter (from `https://github.com/hungdv136/rx.redux-router.git`)
  - RxSwift (~> 3.0)
  - SAMKeychain

EXTERNAL SOURCES:
  RxRedux:
    :git: https://github.com/hungdv136/rx.redux.git
  RxReduxRouter:
    :git: https://github.com/hungdv136/rx.redux-router.git

CHECKOUT OPTIONS:
  RxRedux:
    :commit: 98ad5aa195fbb4c4d8409434ba11d53e258fb618
    :git: https://github.com/hungdv136/rx.redux.git
  RxReduxRouter:
    :commit: 31e40eed1935a54f645f1d64df46d2748da169fa
    :git: https://github.com/hungdv136/rx.redux-router.git

SPEC CHECKSUMS:
  NBNRequestKit: 88df01aaeedd6454cebde0b81360f871e4022bed
  OctoKit.swift: 6cfaa3ee9c14d7de4cb5737e4a24172c3c698daa
  PureLayout: 4d550abe49a94f24c2808b9b95db9131685fe4cd
  RxCocoa: 15a52fc590dcc700cb4a690a633b5c5184ce3a78
  RxDataSources: 824693e84d00781d0a5e5cedc1ff95ce9250aacd
  RxRedux: 5bcc9d81f4eb9b40e1785e1cd03dcd2e5fcde4ea
  RxReduxRouter: e3da2a5bf1dba6cf448d35f1ee7c783d1c7ffcb4
  RxSwift: af5680055c4ad04480189c52d28385b1029493a6
  SAMKeychain: 1865333198217411f35327e8da61b43de79b635b

PODFILE CHECKSUM: 8587caa8708274fcc322f062942fe5d22897f0a9

COCOAPODS: 1.1.1
